
Microsoft Visual Studio Solution File, Format Version 12.00
# Visual Studio Version 17
VisualStudioVersion = 17.4.33110.190
MinimumVisualStudioVersion = 10.0.40219.1
Project("{FAE04EC0-301F-11D3-BF4B-00C04F79EFBC}") = "ShortcutVisualizer", "ShortcutVisualizer\ShortcutVisualizer.csproj", "{129FA1F5-F418-48A6-B5DB-16E1EAC0DF64}"
EndProject
Global
	GlobalSection(SolutionConfigurationPlatforms) = preSolution
		Debug|Any CPU = Debug|Any CPU
		Release|Any CPU = Release|Any CPU
	EndGlobalSection
	GlobalSection(ProjectConfigurationPlatforms) = postSolution
		{129FA1F5-F418-48A6-B5DB-16E1EAC0DF64}.Debug|Any CPU.ActiveCfg = Debug|Any CPU
		{129FA1F5-F418-48A6-B5DB-16E1EAC0DF64}.Debug|Any CPU.Build.0 = Debug|Any CPU
		{129FA1F5-F418-48A6-B5DB-16E1EAC0DF64}.Release|Any CPU.ActiveCfg = Release|Any CPU
		{129FA1F5-F418-48A6-B5DB-16E1EAC0DF64}.Release|Any CPU.Build.0 = Release|Any CPU
	EndGlobalSection
	GlobalSection(SolutionProperties) = preSolution
		HideSolutionNode = FALSE
	EndGlobalSection
	GlobalSection(ExtensibilityGlobals) = postSolution
		SolutionGuid = {F2DF8046-277C-4EFC-8CE1-4DF84240C81C}
	EndGlobalSection
EndGlobal
